{
  "name": "aeo-agent",
  "version": "0.1.0",
  "lockfileVersion": 3,
  "requires": true,
  "packages": {
    "": {
      "name": "aeo-agent",
      "version": "0.1.0",
      "license": "MIT",
      "dependencies": {
        "aeo-preview": "^0.1.0"
      },
      "bin": {
        "aeo-agent": "bin/aeo-agent.js"
      },
      "engines": {
        "node": ">=22.19"
      }
    },
    "node_modules/aeo-preview": {
      "version": "0.1.0",
      "resolved": "https://registry.npmjs.org/aeo-preview/-/aeo-preview-0.1.0.tgz",
      "integrity": "sha512-YSLK4v84/zxuX2YO5JVKoup5MK7wuJttJ1OZD8Bmw1KE0HX+pNkXs0ZsU32GANntNOR/NbnhGkXEOkyOwPMiOA==",
      "license": "MIT",
      "bin": {
        "aeo": "bin/aeo.js",
        "aeo-preview": "bin/aeo.js"
      },
      "engines": {
        "node": ">=20"
      }
    }
  }
}
